
Microsoft Visual Studio Solution File, Format Version 12.00
# Visual Studio Version 17
VisualStudioVersion = 17.0.31903.59
MinimumVisualStudioVersion = 10.0.40219.1
Project("{FAE04EC0-301F-11D3-BF4B-00C04F79EFBC}") = "WorkingWithImages", "WorkingWithImages\WorkingWithImages.csproj", "{67C3C0E2-0FCE-47FB-8612-EADE463F5391}"
EndProject
Project("{FAE04EC0-301F-11D3-BF4B-00C04F79EFBC}") = "HumanizingData", "HumanizingData\HumanizingData.csproj", "{9C8116D0-7813-461B-84D8-D87B991A053B}"
EndProject
Project("{FAE04EC0-301F-11D3-BF4B-00C04F79EFBC}") = "Serilogging", "Serilogging\Serilogging.csproj", "{0B3E4708-08AC-4E38-AC4A-819D9497E37B}"
EndProject
Project("{FAE04EC0-301F-11D3-BF4B-00C04F79EFBC}") = "MappingObjects.Models", "MappingObjects.Models\MappingObjects.Models.csproj", "{D1DFFFEE-2FBF-48CA-B2EC-8FC87570BF7E}"
EndProject
Project("{FAE04EC0-301F-11D3-BF4B-00C04F79EFBC}") = "MappingObjects.Mappers", "MappingObjects.Mappers\MappingObjects.Mappers.csproj", "{85A61690-BC9D-4827-9623-2C193644D23A}"
EndProject
Project("{FAE04EC0-301F-11D3-BF4B-00C04F79EFBC}") = "MappingObjects.Tests", "MappingObjects.Tests\MappingObjects.Tests.csproj", "{8D8A2CC6-D1EC-4EF6-B798-C13DEB9EE034}"
EndProject
Project("{FAE04EC0-301F-11D3-BF4B-00C04F79EFBC}") = "MappingObjects.Console", "MappingObjects.Console\MappingObjects.Console.csproj", "{FACB76F2-87B9-4F36-832D-E83F447261C5}"
EndProject
Global
	GlobalSection(SolutionConfigurationPlatforms) = preSolution
		Debug|Any CPU = Debug|Any CPU
		Debug|x64 = Debug|x64
		Debug|x86 = Debug|x86
		Release|Any CPU = Release|Any CPU
		Release|x64 = Release|x64
		Release|x86 = Release|x86
	EndGlobalSection
	GlobalSection(ProjectConfigurationPlatforms) = postSolution
		{67C3C0E2-0FCE-47FB-8612-EADE463F5391}.Debug|Any CPU.ActiveCfg = Debug|Any CPU
		{67C3C0E2-0FCE-47FB-8612-EADE463F5391}.Debug|Any CPU.Build.0 = Debug|Any CPU
		{67C3C0E2-0FCE-47FB-8612-EADE463F5391}.Debug|x64.ActiveCfg = Debug|Any CPU
		{67C3C0E2-0FCE-47FB-8612-EADE463F5391}.Debug|x64.Build.0 = Debug|Any CPU
		{67C3C0E2-0FCE-47FB-8612-EADE463F5391}.Debug|x86.ActiveCfg = Debug|Any CPU
		{67C3C0E2-0FCE-47FB-8612-EADE463F5391}.Debug|x86.Build.0 = Debug|Any CPU
		{67C3C0E2-0FCE-47FB-8612-EADE463F5391}.Release|Any CPU.ActiveCfg = Release|Any CPU
		{67C3C0E2-0FCE-47FB-8612-EADE463F5391}.Release|Any CPU.Build.0 = Release|Any CPU
		{67C3C0E2-0FCE-47FB-8612-EADE463F5391}.Release|x64.ActiveCfg = Release|Any CPU
		{67C3C0E2-0FCE-47FB-8612-EADE463F5391}.Release|x64.Build.0 = Release|Any CPU
		{67C3C0E2-0FCE-47FB-8612-EADE463F5391}.Release|x86.ActiveCfg = Release|Any CPU
		{67C3C0E2-0FCE-47FB-8612-EADE463F5391}.Release|x86.Build.0 = Release|Any CPU
		{9C8116D0-7813-461B-84D8-D87B991A053B}.Debug|Any CPU.ActiveCfg = Debug|Any CPU
		{9C8116D0-7813-461B-84D8-D87B991A053B}.Debug|Any CPU.Build.0 = Debug|Any CPU
		{9C8116D0-7813-461B-84D8-D87B991A053B}.Debug|x64.ActiveCfg = Debug|Any CPU
		{9C8116D0-7813-461B-84D8-D87B991A053B}.Debug|x64.Build.0 = Debug|Any CPU
		{9C8116D0-7813-461B-84D8-D87B991A053B}.Debug|x86.ActiveCfg = Debug|Any CPU
		{9C8116D0-7813-461B-84D8-D87B991A053B}.Debug|x86.Build.0 = Debug|Any CPU
		{9C8116D0-7813-461B-84D8-D87B991A053B}.Release|Any CPU.ActiveCfg = Release|Any CPU
		{9C8116D0-7813-461B-84D8-D87B991A053B}.Release|Any CPU.Build.0 = Release|Any CPU
		{9C8116D0-7813-461B-84D8-D87B991A053B}.Release|x64.ActiveCfg = Release|Any CPU
		{9C8116D0-7813-461B-84D8-D87B991A053B}.Release|x64.Build.0 = Release|Any CPU
		{9C8116D0-7813-461B-84D8-D87B991A053B}.Release|x86.ActiveCfg = Release|Any CPU
		{9C8116D0-7813-461B-84D8-D87B991A053B}.Release|x86.Build.0 = Release|Any CPU
		{0B3E4708-08AC-4E38-AC4A-819D9497E37B}.Debug|Any CPU.ActiveCfg = Debug|Any CPU
		{0B3E4708-08AC-4E38-AC4A-819D9497E37B}.Debug|Any CPU.Build.0 = Debug|Any CPU
		{0B3E4708-08AC-4E38-AC4A-819D9497E37B}.Debug|x64.ActiveCfg = Debug|Any CPU
		{0B3E4708-08AC-4E38-AC4A-819D9497E37B}.Debug|x64.Build.0 = Debug|Any CPU
		{0B3E4708-08AC-4E38-AC4A-819D9497E37B}.Debug|x86.ActiveCfg = Debug|Any CPU
		{0B3E4708-08AC-4E38-AC4A-819D9497E37B}.Debug|x86.Build.0 = Debug|Any CPU
		{0B3E4708-08AC-4E38-AC4A-819D9497E37B}.Release|Any CPU.ActiveCfg = Release|Any CPU
		{0B3E4708-08AC-4E38-AC4A-819D9497E37B}.Release|Any CPU.Build.0 = Release|Any CPU
		{0B3E4708-08AC-4E38-AC4A-819D9497E37B}.Release|x64.ActiveCfg = Release|Any CPU
		{0B3E4708-08AC-4E38-AC4A-819D9497E37B}.Release|x64.Build.0 = Release|Any CPU
		{0B3E4708-08AC-4E38-AC4A-819D9497E37B}.Release|x86.ActiveCfg = Release|Any CPU
		{0B3E4708-08AC-4E38-AC4A-819D9497E37B}.Release|x86.Build.0 = Release|Any CPU
		{D1DFFFEE-2FBF-48CA-B2EC-8FC87570BF7E}.Debug|Any CPU.ActiveCfg = Debug|Any CPU
		{D1DFFFEE-2FBF-48CA-B2EC-8FC87570BF7E}.Debug|Any CPU.Build.0 = Debug|Any CPU
		{D1DFFFEE-2FBF-48CA-B2EC-8FC87570BF7E}.Debug|x64.ActiveCfg = Debug|Any CPU
		{D1DFFFEE-2FBF-48CA-B2EC-8FC87570BF7E}.Debug|x64.Build.0 = Debug|Any CPU
		{D1DFFFEE-2FBF-48CA-B2EC-8FC87570BF7E}.Debug|x86.ActiveCfg = Debug|Any CPU
		{D1DFFFEE-2FBF-48CA-B2EC-8FC87570BF7E}.Debug|x86.Build.0 = Debug|Any CPU
		{D1DFFFEE-2FBF-48CA-B2EC-8FC87570BF7E}.Release|Any CPU.ActiveCfg = Release|Any CPU
		{D1DFFFEE-2FBF-48CA-B2EC-8FC87570BF7E}.Release|Any CPU.Build.0 = Release|Any CPU
		{D1DFFFEE-2FBF-48CA-B2EC-8FC87570BF7E}.Release|x64.ActiveCfg = Release|Any CPU
		{D1DFFFEE-2FBF-48CA-B2EC-8FC87570BF7E}.Release|x64.Build.0 = Release|Any CPU
		{D1DFFFEE-2FBF-48CA-B2EC-8FC87570BF7E}.Release|x86.ActiveCfg = Release|Any CPU
		{D1DFFFEE-2FBF-48CA-B2EC-8FC87570BF7E}.Release|x86.Build.0 = Release|Any CPU
		{85A61690-BC9D-4827-9623-2C193644D23A}.Debug|Any CPU.ActiveCfg = Debug|Any CPU
		{85A61690-BC9D-4827-9623-2C193644D23A}.Debug|Any CPU.Build.0 = Debug|Any CPU
		{85A61690-BC9D-4827-9623-2C193644D23A}.Debug|x64.ActiveCfg = Debug|Any CPU
		{85A61690-BC9D-4827-9623-2C193644D23A}.Debug|x64.Build.0 = Debug|Any CPU
		{85A61690-BC9D-4827-9623-2C193644D23A}.Debug|x86.ActiveCfg = Debug|Any CPU
		{85A61690-BC9D-4827-9623-2C193644D23A}.Debug|x86.Build.0 = Debug|Any CPU
		{85A61690-BC9D-4827-9623-2C193644D23A}.Release|Any CPU.ActiveCfg = Release|Any CPU
		{85A61690-BC9D-4827-9623-2C193644D23A}.Release|Any CPU.Build.0 = Release|Any CPU
		{85A61690-BC9D-4827-9623-2C193644D23A}.Release|x64.ActiveCfg = Release|Any CPU
		{85A61690-BC9D-4827-9623-2C193644D23A}.Release|x64.Build.0 = Release|Any CPU
		{85A61690-BC9D-4827-9623-2C193644D23A}.Release|x86.ActiveCfg = Release|Any CPU
		{85A61690-BC9D-4827-9623-2C193644D23A}.Release|x86.Build.0 = Release|Any CPU
		{8D8A2CC6-D1EC-4EF6-B798-C13DEB9EE034}.Debug|Any CPU.ActiveCfg = Debug|Any CPU
		{8D8A2CC6-D1EC-4EF6-B798-C13DEB9EE034}.Debug|Any CPU.Build.0 = Debug|Any CPU
		{8D8A2CC6-D1EC-4EF6-B798-C13DEB9EE034}.Debug|x64.ActiveCfg = Debug|Any CPU
		{8D8A2CC6-D1EC-4EF6-B798-C13DEB9EE034}.Debug|x64.Build.0 = Debug|Any CPU
		{8D8A2CC6-D1EC-4EF6-B798-C13DEB9EE034}.Debug|x86.ActiveCfg = Debug|Any CPU
		{8D8A2CC6-D1EC-4EF6-B798-C13DEB9EE034}.Debug|x86.Build.0 = Debug|Any CPU
		{8D8A2CC6-D1EC-4EF6-B798-C13DEB9EE034}.Release|Any CPU.ActiveCfg = Release|Any CPU
		{8D8A2CC6-D1EC-4EF6-B798-C13DEB9EE034}.Release|Any CPU.Build.0 = Release|Any CPU
		{8D8A2CC6-D1EC-4EF6-B798-C13DEB9EE034}.Release|x64.ActiveCfg = Release|Any CPU
		{8D8A2CC6-D1EC-4EF6-B798-C13DEB9EE034}.Release|x64.Build.0 = Release|Any CPU
		{8D8A2CC6-D1EC-4EF6-B798-C13DEB9EE034}.Release|x86.ActiveCfg = Release|Any CPU
		{8D8A2CC6-D1EC-4EF6-B798-C13DEB9EE034}.Release|x86.Build.0 = Release|Any CPU
		{FACB76F2-87B9-4F36-832D-E83F447261C5}.Debug|Any CPU.ActiveCfg = Debug|Any CPU
		{FACB76F2-87B9-4F36-832D-E83F447261C5}.Debug|Any CPU.Build.0 = Debug|Any CPU
		{FACB76F2-87B9-4F36-832D-E83F447261C5}.Debug|x64.ActiveCfg = Debug|Any CPU
		{FACB76F2-87B9-4F36-832D-E83F447261C5}.Debug|x64.Build.0 = Debug|Any CPU
		{FACB76F2-87B9-4F36-832D-E83F447261C5}.Debug|x86.ActiveCfg = Debug|Any CPU
		{FACB76F2-87B9-4F36-832D-E83F447261C5}.Debug|x86.Build.0 = Debug|Any CPU
		{FACB76F2-87B9-4F36-832D-E83F447261C5}.Release|Any CPU.ActiveCfg = Release|Any CPU
		{FACB76F2-87B9-4F36-832D-E83F447261C5}.Release|Any CPU.Build.0 = Release|Any CPU
		{FACB76F2-87B9-4F36-832D-E83F447261C5}.Release|x64.ActiveCfg = Release|Any CPU
		{FACB76F2-87B9-4F36-832D-E83F447261C5}.Release|x64.Build.0 = Release|Any CPU
		{FACB76F2-87B9-4F36-832D-E83F447261C5}.Release|x86.ActiveCfg = Release|Any CPU
		{FACB76F2-87B9-4F36-832D-E83F447261C5}.Release|x86.Build.0 = Release|Any CPU
	EndGlobalSection
	GlobalSection(SolutionProperties) = preSolution
		HideSolutionNode = FALSE
	EndGlobalSection
EndGlobal
