
Microsoft Visual Studio Solution File, Format Version 12.00
# Visual Studio Version 17
VisualStudioVersion = 17.0.31903.59
MinimumVisualStudioVersion = 10.0.40219.1
Project("{FAE04EC0-301F-11D3-BF4B-00C04F79EFBC}") = "Northwind.WebApi.Service", "Northwind.WebApi.Service\Northwind.WebApi.Service.csproj", "{7294AD04-254E-4534-94A7-526F729C446D}"
EndProject
Project("{FAE04EC0-301F-11D3-BF4B-00C04F79EFBC}") = "Northwind.WebApi.Client.Mvc", "Northwind.WebApi.Client.Mvc\Northwind.WebApi.Client.Mvc.csproj", "{AFE94C59-E131-4C3F-8531-AAC156365144}"
EndProject
Project("{FAE04EC0-301F-11D3-BF4B-00C04F79EFBC}") = "Northwind.Queue.Models", "Northwind.Queue.Models\Northwind.Queue.Models.csproj", "{D061B0F0-91A8-459C-8AB0-186444D6A54C}"
EndProject
Project("{FAE04EC0-301F-11D3-BF4B-00C04F79EFBC}") = "Northwind.Queue.Consumer", "Northwind.Queue.Consumer\Northwind.Queue.Consumer.csproj", "{2597850D-8741-4016-B211-08885A7E0A76}"
EndProject
Global
	GlobalSection(SolutionConfigurationPlatforms) = preSolution
		Debug|Any CPU = Debug|Any CPU
		Debug|x64 = Debug|x64
		Debug|x86 = Debug|x86
		Release|Any CPU = Release|Any CPU
		Release|x64 = Release|x64
		Release|x86 = Release|x86
	EndGlobalSection
	GlobalSection(ProjectConfigurationPlatforms) = postSolution
		{7294AD04-254E-4534-94A7-526F729C446D}.Debug|Any CPU.ActiveCfg = Debug|Any CPU
		{7294AD04-254E-4534-94A7-526F729C446D}.Debug|Any CPU.Build.0 = Debug|Any CPU
		{7294AD04-254E-4534-94A7-526F729C446D}.Debug|x64.ActiveCfg = Debug|Any CPU
		{7294AD04-254E-4534-94A7-526F729C446D}.Debug|x64.Build.0 = Debug|Any CPU
		{7294AD04-254E-4534-94A7-526F729C446D}.Debug|x86.ActiveCfg = Debug|Any CPU
		{7294AD04-254E-4534-94A7-526F729C446D}.Debug|x86.Build.0 = Debug|Any CPU
		{7294AD04-254E-4534-94A7-526F729C446D}.Release|Any CPU.ActiveCfg = Release|Any CPU
		{7294AD04-254E-4534-94A7-526F729C446D}.Release|Any CPU.Build.0 = Release|Any CPU
		{7294AD04-254E-4534-94A7-526F729C446D}.Release|x64.ActiveCfg = Release|Any CPU
		{7294AD04-254E-4534-94A7-526F729C446D}.Release|x64.Build.0 = Release|Any CPU
		{7294AD04-254E-4534-94A7-526F729C446D}.Release|x86.ActiveCfg = Release|Any CPU
		{7294AD04-254E-4534-94A7-526F729C446D}.Release|x86.Build.0 = Release|Any CPU
		{AFE94C59-E131-4C3F-8531-AAC156365144}.Debug|Any CPU.ActiveCfg = Debug|Any CPU
		{AFE94C59-E131-4C3F-8531-AAC156365144}.Debug|Any CPU.Build.0 = Debug|Any CPU
		{AFE94C59-E131-4C3F-8531-AAC156365144}.Debug|x64.ActiveCfg = Debug|Any CPU
		{AFE94C59-E131-4C3F-8531-AAC156365144}.Debug|x64.Build.0 = Debug|Any CPU
		{AFE94C59-E131-4C3F-8531-AAC156365144}.Debug|x86.ActiveCfg = Debug|Any CPU
		{AFE94C59-E131-4C3F-8531-AAC156365144}.Debug|x86.Build.0 = Debug|Any CPU
		{AFE94C59-E131-4C3F-8531-AAC156365144}.Release|Any CPU.ActiveCfg = Release|Any CPU
		{AFE94C59-E131-4C3F-8531-AAC156365144}.Release|Any CPU.Build.0 = Release|Any CPU
		{AFE94C59-E131-4C3F-8531-AAC156365144}.Release|x64.ActiveCfg = Release|Any CPU
		{AFE94C59-E131-4C3F-8531-AAC156365144}.Release|x64.Build.0 = Release|Any CPU
		{AFE94C59-E131-4C3F-8531-AAC156365144}.Release|x86.ActiveCfg = Release|Any CPU
		{AFE94C59-E131-4C3F-8531-AAC156365144}.Release|x86.Build.0 = Release|Any CPU
		{D061B0F0-91A8-459C-8AB0-186444D6A54C}.Debug|Any CPU.ActiveCfg = Debug|Any CPU
		{D061B0F0-91A8-459C-8AB0-186444D6A54C}.Debug|Any CPU.Build.0 = Debug|Any CPU
		{D061B0F0-91A8-459C-8AB0-186444D6A54C}.Debug|x64.ActiveCfg = Debug|Any CPU
		{D061B0F0-91A8-459C-8AB0-186444D6A54C}.Debug|x64.Build.0 = Debug|Any CPU
		{D061B0F0-91A8-459C-8AB0-186444D6A54C}.Debug|x86.ActiveCfg = Debug|Any CPU
		{D061B0F0-91A8-459C-8AB0-186444D6A54C}.Debug|x86.Build.0 = Debug|Any CPU
		{D061B0F0-91A8-459C-8AB0-186444D6A54C}.Release|Any CPU.ActiveCfg = Release|Any CPU
		{D061B0F0-91A8-459C-8AB0-186444D6A54C}.Release|Any CPU.Build.0 = Release|Any CPU
		{D061B0F0-91A8-459C-8AB0-186444D6A54C}.Release|x64.ActiveCfg = Release|Any CPU
		{D061B0F0-91A8-459C-8AB0-186444D6A54C}.Release|x64.Build.0 = Release|Any CPU
		{D061B0F0-91A8-459C-8AB0-186444D6A54C}.Release|x86.ActiveCfg = Release|Any CPU
		{D061B0F0-91A8-459C-8AB0-186444D6A54C}.Release|x86.Build.0 = Release|Any CPU
		{2597850D-8741-4016-B211-08885A7E0A76}.Debug|Any CPU.ActiveCfg = Debug|Any CPU
		{2597850D-8741-4016-B211-08885A7E0A76}.Debug|Any CPU.Build.0 = Debug|Any CPU
		{2597850D-8741-4016-B211-08885A7E0A76}.Debug|x64.ActiveCfg = Debug|Any CPU
		{2597850D-8741-4016-B211-08885A7E0A76}.Debug|x64.Build.0 = Debug|Any CPU
		{2597850D-8741-4016-B211-08885A7E0A76}.Debug|x86.ActiveCfg = Debug|Any CPU
		{2597850D-8741-4016-B211-08885A7E0A76}.Debug|x86.Build.0 = Debug|Any CPU
		{2597850D-8741-4016-B211-08885A7E0A76}.Release|Any CPU.ActiveCfg = Release|Any CPU
		{2597850D-8741-4016-B211-08885A7E0A76}.Release|Any CPU.Build.0 = Release|Any CPU
		{2597850D-8741-4016-B211-08885A7E0A76}.Release|x64.ActiveCfg = Release|Any CPU
		{2597850D-8741-4016-B211-08885A7E0A76}.Release|x64.Build.0 = Release|Any CPU
		{2597850D-8741-4016-B211-08885A7E0A76}.Release|x86.ActiveCfg = Release|Any CPU
		{2597850D-8741-4016-B211-08885A7E0A76}.Release|x86.Build.0 = Release|Any CPU
	EndGlobalSection
	GlobalSection(SolutionProperties) = preSolution
		HideSolutionNode = FALSE
	EndGlobalSection
EndGlobal
